
Microsoft Visual Studio Solution File, Format Version 12.00
# Visual Studio Version 16
VisualStudioVersion = 25.0.1706.6
MinimumVisualStudioVersion = 10.0.40219.1
Project("{FAE04EC0-301F-11D3-BF4B-00C04F79EFBC}") = "CurrencyExchangeWebServer", "CurrencyExchangeWebServer\CurrencyExchangeWebServer.csproj", "{51ECB6B5-6266-4429-B667-D75211D548DF}"
EndProject
Global
	GlobalSection(SolutionConfigurationPlatforms) = preSolution
		Debug|Any CPU = Debug|Any CPU
		Release|Any CPU = Release|Any CPU
	EndGlobalSection
	GlobalSection(ProjectConfigurationPlatforms) = postSolution
		{51ECB6B5-6266-4429-B667-D75211D548DF}.Debug|Any CPU.ActiveCfg = Debug|Any CPU
		{51ECB6B5-6266-4429-B667-D75211D548DF}.Debug|Any CPU.Build.0 = Debug|Any CPU
		{51ECB6B5-6266-4429-B667-D75211D548DF}.Release|Any CPU.ActiveCfg = Release|Any CPU
		{51ECB6B5-6266-4429-B667-D75211D548DF}.Release|Any CPU.Build.0 = Release|Any CPU
	EndGlobalSection
	GlobalSection(SolutionProperties) = preSolution
		HideSolutionNode = FALSE
	EndGlobalSection
	GlobalSection(ExtensibilityGlobals) = postSolution
		SolutionGuid = {22FFF9BA-DBE2-4952-9C78-B314EABDD361}
	EndGlobalSection
EndGlobal
